
Microsoft Visual Studio Solution File, Format Version 12.00
# Visual Studio Version 17
VisualStudioVersion = 17.11.35222.181
MinimumVisualStudioVersion = 10.0.40219.1
Project("{9A19103F-16F7-4668-BE54-9A1E7A4F7556}") = "VirtualEvent_WEB", "VirtualEvent_WEB\VirtualEvent_WEB.csproj", "{964FA61F-B659-4BE5-89D6-D29D0304D9A3}"
EndProject
Project("{00D1A9C2-B5F0-4AF3-8072-F6C62B433612}") = "VirtualEvent_DB", "VirtualEvent_DB\VirtualEvent_DB.sqlproj", "{1891BD66-63B3-4E9B-A3CF-5923B7FFA148}"
EndProject
Project("{00D1A9C2-B5F0-4AF3-8072-F6C62B433612}") = "VirtualEvent_DB1", "VirtualEvent_DB\VirtualEvent_DB1.sqlproj", "{1CC89500-5049-45B2-AFF4-50AEAF4F6514}"
EndProject
Global
	GlobalSection(SolutionConfigurationPlatforms) = preSolution
		Debug|Any CPU = Debug|Any CPU
		Release|Any CPU = Release|Any CPU
	EndGlobalSection
	GlobalSection(ProjectConfigurationPlatforms) = postSolution
		{964FA61F-B659-4BE5-89D6-D29D0304D9A3}.Debug|Any CPU.ActiveCfg = Debug|Any CPU
		{964FA61F-B659-4BE5-89D6-D29D0304D9A3}.Debug|Any CPU.Build.0 = Debug|Any CPU
		{964FA61F-B659-4BE5-89D6-D29D0304D9A3}.Release|Any CPU.ActiveCfg = Release|Any CPU
		{964FA61F-B659-4BE5-89D6-D29D0304D9A3}.Release|Any CPU.Build.0 = Release|Any CPU
		{1891BD66-63B3-4E9B-A3CF-5923B7FFA148}.Debug|Any CPU.ActiveCfg = Debug|Any CPU
		{1891BD66-63B3-4E9B-A3CF-5923B7FFA148}.Debug|Any CPU.Build.0 = Debug|Any CPU
		{1891BD66-63B3-4E9B-A3CF-5923B7FFA148}.Debug|Any CPU.Deploy.0 = Debug|Any CPU
		{1891BD66-63B3-4E9B-A3CF-5923B7FFA148}.Release|Any CPU.ActiveCfg = Release|Any CPU
		{1891BD66-63B3-4E9B-A3CF-5923B7FFA148}.Release|Any CPU.Build.0 = Release|Any CPU
		{1891BD66-63B3-4E9B-A3CF-5923B7FFA148}.Release|Any CPU.Deploy.0 = Release|Any CPU
		{1CC89500-5049-45B2-AFF4-50AEAF4F6514}.Debug|Any CPU.ActiveCfg = Debug|Any CPU
		{1CC89500-5049-45B2-AFF4-50AEAF4F6514}.Debug|Any CPU.Build.0 = Debug|Any CPU
		{1CC89500-5049-45B2-AFF4-50AEAF4F6514}.Debug|Any CPU.Deploy.0 = Debug|Any CPU
		{1CC89500-5049-45B2-AFF4-50AEAF4F6514}.Release|Any CPU.ActiveCfg = Release|Any CPU
		{1CC89500-5049-45B2-AFF4-50AEAF4F6514}.Release|Any CPU.Build.0 = Release|Any CPU
		{1CC89500-5049-45B2-AFF4-50AEAF4F6514}.Release|Any CPU.Deploy.0 = Release|Any CPU
	EndGlobalSection
	GlobalSection(SolutionProperties) = preSolution
		HideSolutionNode = FALSE
	EndGlobalSection
	GlobalSection(ExtensibilityGlobals) = postSolution
		SolutionGuid = {46E3252D-3D8F-4622-AA05-AB569FDF442B}
	EndGlobalSection
EndGlobal
